
Microsoft Visual Studio Solution File, Format Version 12.00
# Visual Studio 15
Project("{FAE04EC0-301F-11D3-BF4B-00C04F79EFBC}") = "rover", "rover\rover.csproj", "{75708917-D732-45C5-930A-3FC969C2E254}"
EndProject
Project("{E53339B2-1760-4266-BCC7-CA923CBCF16C}") = "docker-compose", "docker-compose.dcproj", "{6EB42ACC-AFFD-48E1-9508-A0E1BA98E113}"
EndProject
Global
	GlobalSection(SolutionConfigurationPlatforms) = preSolution
		Debug|Any CPU = Debug|Any CPU
		Release|Any CPU = Release|Any CPU
	EndGlobalSection
	GlobalSection(ProjectConfigurationPlatforms) = postSolution
		{75708917-D732-45C5-930A-3FC969C2E254}.Debug|Any CPU.ActiveCfg = Debug|Any CPU
		{75708917-D732-45C5-930A-3FC969C2E254}.Debug|Any CPU.Build.0 = Debug|Any CPU
		{75708917-D732-45C5-930A-3FC969C2E254}.Release|Any CPU.ActiveCfg = Release|Any CPU
		{75708917-D732-45C5-930A-3FC969C2E254}.Release|Any CPU.Build.0 = Release|Any CPU
		{6EB42ACC-AFFD-48E1-9508-A0E1BA98E113}.Debug|Any CPU.ActiveCfg = Debug|Any CPU
		{6EB42ACC-AFFD-48E1-9508-A0E1BA98E113}.Debug|Any CPU.Build.0 = Debug|Any CPU
		{6EB42ACC-AFFD-48E1-9508-A0E1BA98E113}.Release|Any CPU.ActiveCfg = Release|Any CPU
		{6EB42ACC-AFFD-48E1-9508-A0E1BA98E113}.Release|Any CPU.Build.0 = Release|Any CPU
	EndGlobalSection
EndGlobal
